
Microsoft Visual Studio Solution File, Format Version 12.00
# Visual Studio Version 16
VisualStudioVersion = 16.0.30717.126
MinimumVisualStudioVersion = 10.0.40219.1
Project("{9A19103F-16F7-4668-BE54-9A1E7A4F7556}") = "Non_Primitives", "Non_Primitives\Non_Primitives.csproj", "{250DFDC9-B6B0-4763-9A2A-F08F2DB1B702}"
EndProject
Global
	GlobalSection(SolutionConfigurationPlatforms) = preSolution
		Debug|Any CPU = Debug|Any CPU
		Release|Any CPU = Release|Any CPU
	EndGlobalSection
	GlobalSection(ProjectConfigurationPlatforms) = postSolution
		{250DFDC9-B6B0-4763-9A2A-F08F2DB1B702}.Debug|Any CPU.ActiveCfg = Debug|Any CPU
		{250DFDC9-B6B0-4763-9A2A-F08F2DB1B702}.Debug|Any CPU.Build.0 = Debug|Any CPU
		{250DFDC9-B6B0-4763-9A2A-F08F2DB1B702}.Release|Any CPU.ActiveCfg = Release|Any CPU
		{250DFDC9-B6B0-4763-9A2A-F08F2DB1B702}.Release|Any CPU.Build.0 = Release|Any CPU
	EndGlobalSection
	GlobalSection(SolutionProperties) = preSolution
		HideSolutionNode = FALSE
	EndGlobalSection
	GlobalSection(ExtensibilityGlobals) = postSolution
		SolutionGuid = {2EA441C7-DDC0-48CC-9FBF-A86BB8FDF488}
	EndGlobalSection
EndGlobal
