
Microsoft Visual Studio Solution File, Format Version 12.00
# Visual Studio Version 16
VisualStudioVersion = 16.0.30611.23
MinimumVisualStudioVersion = 10.0.40219.1
Project("{FAE04EC0-301F-11D3-BF4B-00C04F79EFBC}") = "Variable", "Variable\Variable.csproj", "{15A9E5EA-4C95-486C-B7F8-EAD1E56B8D75}"
EndProject
Global
	GlobalSection(SolutionConfigurationPlatforms) = preSolution
		Debug|Any CPU = Debug|Any CPU
		Release|Any CPU = Release|Any CPU
	EndGlobalSection
	GlobalSection(ProjectConfigurationPlatforms) = postSolution
		{15A9E5EA-4C95-486C-B7F8-EAD1E56B8D75}.Debug|Any CPU.ActiveCfg = Debug|Any CPU
		{15A9E5EA-4C95-486C-B7F8-EAD1E56B8D75}.Debug|Any CPU.Build.0 = Debug|Any CPU
		{15A9E5EA-4C95-486C-B7F8-EAD1E56B8D75}.Release|Any CPU.ActiveCfg = Release|Any CPU
		{15A9E5EA-4C95-486C-B7F8-EAD1E56B8D75}.Release|Any CPU.Build.0 = Release|Any CPU
	EndGlobalSection
	GlobalSection(SolutionProperties) = preSolution
		HideSolutionNode = FALSE
	EndGlobalSection
	GlobalSection(ExtensibilityGlobals) = postSolution
		SolutionGuid = {2A08872F-09FE-4A05-B9F6-4BC3ECDB5104}
	EndGlobalSection
EndGlobal
