
Microsoft Visual Studio Solution File, Format Version 12.00
# Visual Studio Version 16
VisualStudioVersion = 16.0.30717.126
MinimumVisualStudioVersion = 10.0.40219.1
Project("{FAE04EC0-301F-11D3-BF4B-00C04F79EFBC}") = "Control_Flow", "Control_Flow.csproj", "{D26FA5A9-A21F-4BC0-9450-0AFD67A6AF9B}"
EndProject
Global
	GlobalSection(SolutionConfigurationPlatforms) = preSolution
		Debug|Any CPU = Debug|Any CPU
		Release|Any CPU = Release|Any CPU
	EndGlobalSection
	GlobalSection(ProjectConfigurationPlatforms) = postSolution
		{D26FA5A9-A21F-4BC0-9450-0AFD67A6AF9B}.Debug|Any CPU.ActiveCfg = Debug|Any CPU
		{D26FA5A9-A21F-4BC0-9450-0AFD67A6AF9B}.Debug|Any CPU.Build.0 = Debug|Any CPU
		{D26FA5A9-A21F-4BC0-9450-0AFD67A6AF9B}.Release|Any CPU.ActiveCfg = Release|Any CPU
		{D26FA5A9-A21F-4BC0-9450-0AFD67A6AF9B}.Release|Any CPU.Build.0 = Release|Any CPU
	EndGlobalSection
	GlobalSection(SolutionProperties) = preSolution
		HideSolutionNode = FALSE
	EndGlobalSection
	GlobalSection(ExtensibilityGlobals) = postSolution
		SolutionGuid = {35416813-7033-49B8-BBFE-3370E0E1FF5B}
	EndGlobalSection
EndGlobal
