
Microsoft Visual Studio Solution File, Format Version 12.00
# Visual Studio Version 16
VisualStudioVersion = 16.0.30717.126
MinimumVisualStudioVersion = 10.0.40219.1
Project("{9A19103F-16F7-4668-BE54-9A1E7A4F7556}") = "Text", "Text.csproj", "{7CFDC98C-F6E8-4E96-ABF5-EE28E5AEA5CD}"
EndProject
Project("{FAE04EC0-301F-11D3-BF4B-00C04F79EFBC}") = "Procedural_Programming", "..\Procedural_Programming\Procedural_Programming.csproj", "{36EA514B-3FE0-44F1-8D04-C953B9BE3108}"
EndProject
Global
	GlobalSection(SolutionConfigurationPlatforms) = preSolution
		Debug|Any CPU = Debug|Any CPU
		Release|Any CPU = Release|Any CPU
	EndGlobalSection
	GlobalSection(ProjectConfigurationPlatforms) = postSolution
		{7CFDC98C-F6E8-4E96-ABF5-EE28E5AEA5CD}.Debug|Any CPU.ActiveCfg = Debug|Any CPU
		{7CFDC98C-F6E8-4E96-ABF5-EE28E5AEA5CD}.Debug|Any CPU.Build.0 = Debug|Any CPU
		{7CFDC98C-F6E8-4E96-ABF5-EE28E5AEA5CD}.Release|Any CPU.ActiveCfg = Release|Any CPU
		{7CFDC98C-F6E8-4E96-ABF5-EE28E5AEA5CD}.Release|Any CPU.Build.0 = Release|Any CPU
		{36EA514B-3FE0-44F1-8D04-C953B9BE3108}.Debug|Any CPU.ActiveCfg = Debug|Any CPU
		{36EA514B-3FE0-44F1-8D04-C953B9BE3108}.Debug|Any CPU.Build.0 = Debug|Any CPU
		{36EA514B-3FE0-44F1-8D04-C953B9BE3108}.Release|Any CPU.ActiveCfg = Release|Any CPU
		{36EA514B-3FE0-44F1-8D04-C953B9BE3108}.Release|Any CPU.Build.0 = Release|Any CPU
	EndGlobalSection
	GlobalSection(SolutionProperties) = preSolution
		HideSolutionNode = FALSE
	EndGlobalSection
	GlobalSection(ExtensibilityGlobals) = postSolution
		SolutionGuid = {CDCB16B3-F878-4839-A0D7-E9F1C36B3D4D}
	EndGlobalSection
EndGlobal
